
Microsoft Visual Studio Solution File, Format Version 12.00
# Visual Studio Version 17
VisualStudioVersion = 17.5.33424.131
MinimumVisualStudioVersion = 10.0.40219.1
Project("{9A19103F-16F7-4668-BE54-9A1E7A4F7556}") = "RentTeslaServer.Service", "RentTeslaServer\RentTeslaServer.Service.csproj", "{67102244-1875-4413-B5D8-87297E396D22}"
EndProject
Project("{9A19103F-16F7-4668-BE54-9A1E7A4F7556}") = "RentTeslaServerTests", "RentTeslaServerTests\RentTeslaServerTests.csproj", "{ECD8A8CD-7DA4-4290-9145-0E55F9D5703D}"
EndProject
Project("{9A19103F-16F7-4668-BE54-9A1E7A4F7556}") = "RentTeslaServer.DataAccessLayer", "DataAccessLayer\RentTeslaServer.DataAccessLayer.csproj", "{234D83DE-321C-4FB4-92DB-03163E26D637}"
EndProject
Project("{9A19103F-16F7-4668-BE54-9A1E7A4F7556}") = "RentTeslaServer.DomainLayer", "DomainLayer\RentTeslaServer.DomainLayer.csproj", "{C33991EC-8C74-4EA8-978B-4FC1437EF915}"
EndProject
Project("{FAE04EC0-301F-11D3-BF4B-00C04F79EFBC}") = "RentTeslaServer.Shared", "RentTeslaServer.Shared\RentTeslaServer.Shared.csproj", "{9843B6CF-1844-45F7-A4CE-557C5275465E}"
EndProject
Global
	GlobalSection(SolutionConfigurationPlatforms) = preSolution
		Debug|Any CPU = Debug|Any CPU
		Release|Any CPU = Release|Any CPU
	EndGlobalSection
	GlobalSection(ProjectConfigurationPlatforms) = postSolution
		{67102244-1875-4413-B5D8-87297E396D22}.Debug|Any CPU.ActiveCfg = Debug|Any CPU
		{67102244-1875-4413-B5D8-87297E396D22}.Debug|Any CPU.Build.0 = Debug|Any CPU
		{67102244-1875-4413-B5D8-87297E396D22}.Release|Any CPU.ActiveCfg = Release|Any CPU
		{67102244-1875-4413-B5D8-87297E396D22}.Release|Any CPU.Build.0 = Release|Any CPU
		{ECD8A8CD-7DA4-4290-9145-0E55F9D5703D}.Debug|Any CPU.ActiveCfg = Debug|Any CPU
		{ECD8A8CD-7DA4-4290-9145-0E55F9D5703D}.Debug|Any CPU.Build.0 = Debug|Any CPU
		{ECD8A8CD-7DA4-4290-9145-0E55F9D5703D}.Release|Any CPU.ActiveCfg = Release|Any CPU
		{ECD8A8CD-7DA4-4290-9145-0E55F9D5703D}.Release|Any CPU.Build.0 = Release|Any CPU
		{234D83DE-321C-4FB4-92DB-03163E26D637}.Debug|Any CPU.ActiveCfg = Debug|Any CPU
		{234D83DE-321C-4FB4-92DB-03163E26D637}.Debug|Any CPU.Build.0 = Debug|Any CPU
		{234D83DE-321C-4FB4-92DB-03163E26D637}.Release|Any CPU.ActiveCfg = Release|Any CPU
		{234D83DE-321C-4FB4-92DB-03163E26D637}.Release|Any CPU.Build.0 = Release|Any CPU
		{C33991EC-8C74-4EA8-978B-4FC1437EF915}.Debug|Any CPU.ActiveCfg = Debug|Any CPU
		{C33991EC-8C74-4EA8-978B-4FC1437EF915}.Debug|Any CPU.Build.0 = Debug|Any CPU
		{C33991EC-8C74-4EA8-978B-4FC1437EF915}.Release|Any CPU.ActiveCfg = Release|Any CPU
		{C33991EC-8C74-4EA8-978B-4FC1437EF915}.Release|Any CPU.Build.0 = Release|Any CPU
		{9843B6CF-1844-45F7-A4CE-557C5275465E}.Debug|Any CPU.ActiveCfg = Debug|Any CPU
		{9843B6CF-1844-45F7-A4CE-557C5275465E}.Debug|Any CPU.Build.0 = Debug|Any CPU
		{9843B6CF-1844-45F7-A4CE-557C5275465E}.Release|Any CPU.ActiveCfg = Release|Any CPU
		{9843B6CF-1844-45F7-A4CE-557C5275465E}.Release|Any CPU.Build.0 = Release|Any CPU
	EndGlobalSection
	GlobalSection(SolutionProperties) = preSolution
		HideSolutionNode = FALSE
	EndGlobalSection
	GlobalSection(ExtensibilityGlobals) = postSolution
		SolutionGuid = {F8092EF8-A361-4641-91B6-77258327148F}
	EndGlobalSection
EndGlobal
